
Microsoft Visual Studio Solution File, Format Version 12.00
# Visual Studio Version 16
VisualStudioVersion = 16.0.33214.272
MinimumVisualStudioVersion = 10.0.40219.1
Project("{FAE04EC0-301F-11D3-BF4B-00C04F79EFBC}") = "Ammunition_Shop", "Ammunition_Shop\Ammunition_Shop.csproj", "{95CAA24F-8A80-4609-9879-711AE1A83323}"
EndProject
Global
	GlobalSection(SolutionConfigurationPlatforms) = preSolution
		Debug|Any CPU = Debug|Any CPU
		Release|Any CPU = Release|Any CPU
	EndGlobalSection
	GlobalSection(ProjectConfigurationPlatforms) = postSolution
		{95CAA24F-8A80-4609-9879-711AE1A83323}.Debug|Any CPU.ActiveCfg = Debug|Any CPU
		{95CAA24F-8A80-4609-9879-711AE1A83323}.Debug|Any CPU.Build.0 = Debug|Any CPU
		{95CAA24F-8A80-4609-9879-711AE1A83323}.Release|Any CPU.ActiveCfg = Release|Any CPU
		{95CAA24F-8A80-4609-9879-711AE1A83323}.Release|Any CPU.Build.0 = Release|Any CPU
	EndGlobalSection
	GlobalSection(SolutionProperties) = preSolution
		HideSolutionNode = FALSE
	EndGlobalSection
	GlobalSection(ExtensibilityGlobals) = postSolution
		SolutionGuid = {64461E1D-8798-46A0-B769-EB5FB43D8D23}
	EndGlobalSection
EndGlobal
